
Microsoft Visual Studio Solution File, Format Version 12.00
# Visual Studio Version 16
VisualStudioVersion = 16.0.30907.101
MinimumVisualStudioVersion = 10.0.40219.1
Project("{FAE04EC0-301F-11D3-BF4B-00C04F79EFBC}") = "BulkyBook", "BulkyBook\BulkyBook.csproj", "{BC5B60DB-DDDA-4AEA-BE3A-31AE5499FBCA}"
EndProject
Global
	GlobalSection(SolutionConfigurationPlatforms) = preSolution
		Debug|Any CPU = Debug|Any CPU
		Release|Any CPU = Release|Any CPU
	EndGlobalSection
	GlobalSection(ProjectConfigurationPlatforms) = postSolution
		{BC5B60DB-DDDA-4AEA-BE3A-31AE5499FBCA}.Debug|Any CPU.ActiveCfg = Debug|Any CPU
		{BC5B60DB-DDDA-4AEA-BE3A-31AE5499FBCA}.Debug|Any CPU.Build.0 = Debug|Any CPU
		{BC5B60DB-DDDA-4AEA-BE3A-31AE5499FBCA}.Release|Any CPU.ActiveCfg = Release|Any CPU
		{BC5B60DB-DDDA-4AEA-BE3A-31AE5499FBCA}.Release|Any CPU.Build.0 = Release|Any CPU
	EndGlobalSection
	GlobalSection(SolutionProperties) = preSolution
		HideSolutionNode = FALSE
	EndGlobalSection
	GlobalSection(ExtensibilityGlobals) = postSolution
		SolutionGuid = {5FBA2195-0DCD-469D-92EE-63AEDC0F7E69}
	EndGlobalSection
EndGlobal
